# This file is automatically @generated by Cargo.
# It is not intended for manual editing.
version = 3

[[package]]
name = "all_sequantial"
version = "0.1.0"
dependencies = [
 "aoc_11",
 "aoc_12",
 "aoc_13",
 "aoc_14",
 "aoc_15",
 "aoc_16",
 "aoc_17",
 "aoc_18",
 "aoc_19",
 "aoc_20",
 "aoc_21",
]

[[package]]
name = "aoc_11"
version = "0.1.0"

[[package]]
name = "aoc_12"
version = "0.1.0"

[[package]]
name = "aoc_13"
version = "0.1.0"

[[package]]
name = "aoc_14"
version = "0.1.0"
dependencies = [
 "itertools",
]

[[package]]
name = "aoc_15"
version = "0.1.0"

[[package]]
name = "aoc_16"
version = "0.1.0"
dependencies = [
 "itertools",
]

[[package]]
name = "aoc_17"
version = "0.1.0"
dependencies = [
 "itertools",
]

[[package]]
name = "aoc_18"
version = "0.1.0"

[[package]]
name = "aoc_19"
version = "0.1.0"
dependencies = [
 "itertools",
]

[[package]]
name = "aoc_20"
version = "0.1.0"

[[package]]
name = "aoc_21"
version = "0.1.0"
dependencies = [
 "itertools",
]

[[package]]
name = "either"
version = "1.6.1"
source = "registry+https://github.com/rust-lang/crates.io-index"
checksum = "e78d4f1cc4ae33bbfc157ed5d5a5ef3bc29227303d595861deb238fcec4e9457"

[[package]]
name = "itertools"
version = "0.10.3"
source = "registry+https://github.com/rust-lang/crates.io-index"
checksum = "a9a9d19fa1e79b6215ff29b9d6880b706147f16e9b1dbb1e4e5947b5b02bc5e3"
dependencies = [
 "either",
]
